lockfileVersion: '6.0'

settings:
  autoInstallPeers: true
  excludeLinksFromLockfile: false

devDependencies:
  prettier:
    specifier: ^2.7.1
    version: registry.npmmirror.com/prettier@2.7.1

packages:

  registry.npmmirror.com/prettier@2.7.1:
    resolution: {integrity: sha512-ujppO+MkdPqoVINuDFDRLClm7D78qbDt0/NR+wp5FqEZOoTNAjPHWj17QRhu7geIHJfcNhRk1XVQmF8Bp3ye+g==, registry: http://registry.shuqudata.com/, tarball: https://registry.npmmirror.com/prettier/-/prettier-2.7.1.tgz}
    name: prettier
    version: 2.7.1
    engines: {node: '>=10.13.0'}
    hasBin: true
    dev: true
