# This file is automatically @generated by Cargo.
# It is not intended for manual editing.
version = 3

[[package]]
name = "demo01-base-demo"
version = "0.1.0"
dependencies = [
 "time",
]

[[package]]
name = "libc"
version = "0.2.140"
source = "registry+https://mirrors.ustc.edu.cn/crates.io-index/"
checksum = "99227334921fae1a979cf0bfdfcc6b3e5ce376ef57e16fb6fb3ea2ed6095f80c"

[[package]]
name = "num_threads"
version = "0.1.6"
source = "registry+https://mirrors.ustc.edu.cn/crates.io-index/"
checksum = "2819ce041d2ee131036f4fc9d6ae7ae125a3a40e97ba64d04fe799ad9dabbb44"
dependencies = [
 "libc",
]

[[package]]
name = "time"
version = "0.3.15"
source = "registry+https://mirrors.ustc.edu.cn/crates.io-index/"
checksum = "d634a985c4d4238ec39cacaed2e7ae552fbd3c476b552c1deac3021b7d7eaf0c"
dependencies = [
 "libc",
 "num_threads",
]
